
Microsoft Visual Studio Solution File, Format Version 12.00
# Visual Studio Version 16
VisualStudioVersion = 16.0.33423.256
MinimumVisualStudioVersion = 10.0.40219.1
Project("{8BC9CEB8-8B4A-11D0-8D11-00A0C91BC942}") = "test_4_5_38", "test_4_5_38\test_4_5_38.vcxproj", "{D178A03B-D69A-406A-883C-7C6C4A8990DF}"
EndProject
Global
	GlobalSection(SolutionConfigurationPlatforms) = preSolution
		Debug|x64 = Debug|x64
		Debug|x86 = Debug|x86
		Release|x64 = Release|x64
		Release|x86 = Release|x86
	EndGlobalSection
	GlobalSection(ProjectConfigurationPlatforms) = postSolution
		{D178A03B-D69A-406A-883C-7C6C4A8990DF}.Debug|x64.ActiveCfg = Debug|x64
		{D178A03B-D69A-406A-883C-7C6C4A8990DF}.Debug|x64.Build.0 = Debug|x64
		{D178A03B-D69A-406A-883C-7C6C4A8990DF}.Debug|x86.ActiveCfg = Debug|Win32
		{D178A03B-D69A-406A-883C-7C6C4A8990DF}.Debug|x86.Build.0 = Debug|Win32
		{D178A03B-D69A-406A-883C-7C6C4A8990DF}.Release|x64.ActiveCfg = Release|x64
		{D178A03B-D69A-406A-883C-7C6C4A8990DF}.Release|x64.Build.0 = Release|x64
		{D178A03B-D69A-406A-883C-7C6C4A8990DF}.Release|x86.ActiveCfg = Release|Win32
		{D178A03B-D69A-406A-883C-7C6C4A8990DF}.Release|x86.Build.0 = Release|Win32
	EndGlobalSection
	GlobalSection(SolutionProperties) = preSolution
		HideSolutionNode = FALSE
	EndGlobalSection
	GlobalSection(ExtensibilityGlobals) = postSolution
		SolutionGuid = {0527A564-8F08-4C9D-B56F-17F7E4E474FB}
	EndGlobalSection
EndGlobal
