
Microsoft Visual Studio Solution File, Format Version 12.00
# Visual Studio Version 16
VisualStudioVersion = 16.0.33423.256
MinimumVisualStudioVersion = 10.0.40219.1
Project("{8BC9CEB8-8B4A-11D0-8D11-00A0C91BC942}") = "test_file", "test_file\test_file.vcxproj", "{D1FEE1A2-EA5A-4234-83CD-6AAAED9C0EB5}"
EndProject
Global
	GlobalSection(SolutionConfigurationPlatforms) = preSolution
		Debug|x64 = Debug|x64
		Debug|x86 = Debug|x86
		Release|x64 = Release|x64
		Release|x86 = Release|x86
	EndGlobalSection
	GlobalSection(ProjectConfigurationPlatforms) = postSolution
		{D1FEE1A2-EA5A-4234-83CD-6AAAED9C0EB5}.Debug|x64.ActiveCfg = Debug|x64
		{D1FEE1A2-EA5A-4234-83CD-6AAAED9C0EB5}.Debug|x64.Build.0 = Debug|x64
		{D1FEE1A2-EA5A-4234-83CD-6AAAED9C0EB5}.Debug|x86.ActiveCfg = Debug|Win32
		{D1FEE1A2-EA5A-4234-83CD-6AAAED9C0EB5}.Debug|x86.Build.0 = Debug|Win32
		{D1FEE1A2-EA5A-4234-83CD-6AAAED9C0EB5}.Release|x64.ActiveCfg = Release|x64
		{D1FEE1A2-EA5A-4234-83CD-6AAAED9C0EB5}.Release|x64.Build.0 = Release|x64
		{D1FEE1A2-EA5A-4234-83CD-6AAAED9C0EB5}.Release|x86.ActiveCfg = Release|Win32
		{D1FEE1A2-EA5A-4234-83CD-6AAAED9C0EB5}.Release|x86.Build.0 = Release|Win32
	EndGlobalSection
	GlobalSection(SolutionProperties) = preSolution
		HideSolutionNode = FALSE
	EndGlobalSection
	GlobalSection(ExtensibilityGlobals) = postSolution
		SolutionGuid = {7078479A-8333-458E-BBD2-D050CC03F918}
	EndGlobalSection
EndGlobal
